<?xml version="1.0" encoding="utf-8"?>
<Project ToolsVersion="4.0" xmlns="http://schemas.microsoft.com/developer/msbuild/2003">
  <ItemGroup>
    <Filter Include="Grid1D">
      <UniqueIdentifier>{A076C7B5-8C18-F28B-75D3-05E0611479DC}</UniqueIdentifier>
    </Filter>
    <Filter Include="Grid2D">
      <UniqueIdentifier>{C176C7B5-AD18-F28B-96D3-05E0821479DC}</UniqueIdentifier>
    </Filter>
    <Filter Include="Grid2D\MHC">
      <UniqueIdentifier>{280652A6-14BE-93F3-7DC5-6C4F699C2EE4}</UniqueIdentifier>
    </Filter>
    <Filter Include="Grid2D\Nodes">
      <UniqueIdentifier>{49451483-35A8-A327-DE2D-DCDDCA6F6FAA}</UniqueIdentifier>
    </Filter>
    <Filter Include="Math">
      <UniqueIdentifier>{AFF4887C-9B2B-8A0D-4418-7010302E060F}</UniqueIdentifier>
    </Filter>
  </ItemGroup>
  <ItemGroup>
    <ClInclude Include="src\ALG.h" />
    <ClInclude Include="src\Core.h" />
    <ClInclude Include="src\Exceptions.h" />
    <ClInclude Include="src\Grid1D\Grid1D.h">
      <Filter>Grid1D</Filter>
    </ClInclude>
    <ClInclude Include="src\Grid2D\Direction.h">
      <Filter>Grid2D</Filter>
    </ClInclude>
    <ClInclude Include="src\Grid2D\Grid2D.h">
      <Filter>Grid2D</Filter>
    </ClInclude>
    <ClInclude Include="src\Grid2D\MHC\MHC.h">
      <Filter>Grid2D\MHC</Filter>
    </ClInclude>
    <ClInclude Include="src\Grid2D\Nodes\BoundaryNode.h">
      <Filter>Grid2D\Nodes</Filter>
    </ClInclude>
    <ClInclude Include="src\Grid2D\Nodes\CellBunch.h">
      <Filter>Grid2D\Nodes</Filter>
    </ClInclude>
    <ClInclude Include="src\Grid2D\Nodes\CellNode.h">
      <Filter>Grid2D\Nodes</Filter>
    </ClInclude>
    <ClInclude Include="src\Grid2D\Nodes\Node.h">
      <Filter>Grid2D\Nodes</Filter>
    </ClInclude>
    <ClInclude Include="src\Grid2D\Nodes\NodeData.h">
      <Filter>Grid2D\Nodes</Filter>
    </ClInclude>
    <ClInclude Include="src\Grid2D\Nodes\TransitionNode.h">
      <Filter>Grid2D\Nodes</Filter>
    </ClInclude>
    <ClInclude Include="src\Log.h" />
    <ClInclude Include="src\Math\Vector2D.h">
      <Filter>Math</Filter>
    </ClInclude>
    <ClInclude Include="src\algpch.h" />
  </ItemGroup>
  <ItemGroup>
    <ClCompile Include="src\Grid1D\Grid1D.cpp">
      <Filter>Grid1D</Filter>
    </ClCompile>
    <ClCompile Include="src\Grid2D\Direction.cpp">
      <Filter>Grid2D</Filter>
    </ClCompile>
    <ClCompile Include="src\Grid2D\Grid2D.cpp">
      <Filter>Grid2D</Filter>
    </ClCompile>
    <ClCompile Include="src\Grid2D\Grid2DCoarsening.cpp">
      <Filter>Grid2D</Filter>
    </ClCompile>
    <ClCompile Include="src\Grid2D\Grid2DRefinement.cpp">
      <Filter>Grid2D</Filter>
    </ClCompile>
    <ClCompile Include="src\Grid2D\MHC\MHC.cpp">
      <Filter>Grid2D\MHC</Filter>
    </ClCompile>
    <ClCompile Include="src\Grid2D\Nodes\BoundaryNode.cpp">
      <Filter>Grid2D\Nodes</Filter>
    </ClCompile>
    <ClCompile Include="src\Grid2D\Nodes\CellBunch.cpp">
      <Filter>Grid2D\Nodes</Filter>
    </ClCompile>
    <ClCompile Include="src\Grid2D\Nodes\CellNode.cpp">
      <Filter>Grid2D\Nodes</Filter>
    </ClCompile>
    <ClCompile Include="src\Grid2D\Nodes\Node.cpp">
      <Filter>Grid2D\Nodes</Filter>
    </ClCompile>
    <ClCompile Include="src\Grid2D\Nodes\NodeData.cpp">
      <Filter>Grid2D\Nodes</Filter>
    </ClCompile>
    <ClCompile Include="src\Grid2D\Nodes\TransitionNode.cpp">
      <Filter>Grid2D\Nodes</Filter>
    </ClCompile>
    <ClCompile Include="src\Log.cpp" />
    <ClCompile Include="src\Math\Vector2D.cpp">
      <Filter>Math</Filter>
    </ClCompile>
    <ClCompile Include="src\algpch.cpp" />
  </ItemGroup>
</Project>