<?xml version="1.0" encoding="utf-8"?>
<Project ToolsVersion="4.0" xmlns="http://schemas.microsoft.com/developer/msbuild/2003">
  <ItemGroup>
    <Filter Include="Moxxi">
      <UniqueIdentifier>{5A4BAF0D-C65F-D7BE-8FE1-7A1EFBB4D3EF}</UniqueIdentifier>
    </Filter>
    <Filter Include="Moxxi\Events">
      <UniqueIdentifier>{FE6DC716-EAD0-56BB-9356-8F717F98223E}</UniqueIdentifier>
    </Filter>
    <Filter Include="Platform">
      <UniqueIdentifier>{2AC788B4-1694-E3BF-3FAD-D1672BD9184E}</UniqueIdentifier>
    </Filter>
    <Filter Include="Platform\Windows">
      <UniqueIdentifier>{64FBD71A-50F4-F66C-7926-DCF1657ED678}</UniqueIdentifier>
    </Filter>
  </ItemGroup>
  <ItemGroup>
    <ClInclude Include="src\Moxxi.h" />
    <ClInclude Include="src\Moxxi\Application.h">
      <Filter>Moxxi</Filter>
    </ClInclude>
    <ClInclude Include="src\Moxxi\Core.h">
      <Filter>Moxxi</Filter>
    </ClInclude>
    <ClInclude Include="src\Moxxi\EntryPoint.h">
      <Filter>Moxxi</Filter>
    </ClInclude>
    <ClInclude Include="src\Moxxi\Events\ApplicationEvent.h">
      <Filter>Moxxi\Events</Filter>
    </ClInclude>
    <ClInclude Include="src\Moxxi\Events\Event.h">
      <Filter>Moxxi\Events</Filter>
    </ClInclude>
    <ClInclude Include="src\Moxxi\Events\KeyEvent.h">
      <Filter>Moxxi\Events</Filter>
    </ClInclude>
    <ClInclude Include="src\Moxxi\Events\MouseEvent.h">
      <Filter>Moxxi\Events</Filter>
    </ClInclude>
    <ClInclude Include="src\Moxxi\Log.h">
      <Filter>Moxxi</Filter>
    </ClInclude>
    <ClInclude Include="src\Moxxi\Window.h">
      <Filter>Moxxi</Filter>
    </ClInclude>
    <ClInclude Include="src\Platform\Windows\WindowsWindow.h">
      <Filter>Platform\Windows</Filter>
    </ClInclude>
    <ClInclude Include="src\mxpch.h" />
  </ItemGroup>
  <ItemGroup>
    <ClCompile Include="src\Moxxi\Application.cpp">
      <Filter>Moxxi</Filter>
    </ClCompile>
    <ClCompile Include="src\Moxxi\Log.cpp">
      <Filter>Moxxi</Filter>
    </ClCompile>
    <ClCompile Include="src\Platform\Windows\WindowsWindow.cpp">
      <Filter>Platform\Windows</Filter>
    </ClCompile>
    <ClCompile Include="src\mxpch.cpp" />
  </ItemGroup>
</Project>